{
  "name": "static",
  "version": "1.0.0",
  "lockfileVersion": 2,
  "requires": true,
  "packages": {
    "": {
      "name": "static",
      "version": "1.0.0",
      "license": "ISC",
      "dependencies": {
        "fomantic-ui-css": "^2.8.8"
      }
    },
    "node_modules/fomantic-ui-css": {
      "version": "2.9.0",
      "resolved": "https://registry.npmjs.org/fomantic-ui-css/-/fomantic-ui-css-2.9.0.tgz",
      "integrity": "sha512-QHXz9FVLtG26m6RXyvAlhu38vZwcfAqHbKzPqWUoqsI28U/ihRlodFPTYUYgLpP7LxjlDEYVW/vkqT5veeGxNQ==",
      "dependencies": {
        "jquery": "^3.4.0"
      }
    },
    "node_modules/jquery": {
      "version": "3.6.1",
      "resolved": "https://registry.npmjs.org/jquery/-/jquery-3.6.1.tgz",
      "integrity": "sha512-opJeO4nCucVnsjiXOE+/PcCgYw9Gwpvs/a6B1LL/lQhwWwpbVEVYDZ1FokFr8PRc7ghYlrFPuyHuiiDNTQxmcw=="
    }
  },
  "dependencies": {
    "fomantic-ui-css": {
      "version": "2.9.0",
      "resolved": "https://registry.npmjs.org/fomantic-ui-css/-/fomantic-ui-css-2.9.0.tgz",
      "integrity": "sha512-QHXz9FVLtG26m6RXyvAlhu38vZwcfAqHbKzPqWUoqsI28U/ihRlodFPTYUYgLpP7LxjlDEYVW/vkqT5veeGxNQ==",
      "requires": {
        "jquery": "^3.4.0"
      }
    },
    "jquery": {
      "version": "3.6.1",
      "resolved": "https://registry.npmjs.org/jquery/-/jquery-3.6.1.tgz",
      "integrity": "sha512-opJeO4nCucVnsjiXOE+/PcCgYw9Gwpvs/a6B1LL/lQhwWwpbVEVYDZ1FokFr8PRc7ghYlrFPuyHuiiDNTQxmcw=="
    }
  }
}
